
Microsoft Visual Studio Solution File, Format Version 12.00
# Visual Studio Version 16
VisualStudioVersion = 16.0.30406.217
MinimumVisualStudioVersion = 10.0.40219.1
Project("{FAE04EC0-301F-11D3-BF4B-00C04F79EFBC}") = "ConsoleAula2PI", "ConsoleAula2PI\ConsoleAula2PI.csproj", "{099EBFB7-CCFC-4200-8D63-1799A4C32319}"
EndProject
Global
	GlobalSection(SolutionConfigurationPlatforms) = preSolution
		Debug|Any CPU = Debug|Any CPU
		Release|Any CPU = Release|Any CPU
	EndGlobalSection
	GlobalSection(ProjectConfigurationPlatforms) = postSolution
		{099EBFB7-CCFC-4200-8D63-1799A4C32319}.Debug|Any CPU.ActiveCfg = Debug|Any CPU
		{099EBFB7-CCFC-4200-8D63-1799A4C32319}.Debug|Any CPU.Build.0 = Debug|Any CPU
		{099EBFB7-CCFC-4200-8D63-1799A4C32319}.Release|Any CPU.ActiveCfg = Release|Any CPU
		{099EBFB7-CCFC-4200-8D63-1799A4C32319}.Release|Any CPU.Build.0 = Release|Any CPU
	EndGlobalSection
	GlobalSection(SolutionProperties) = preSolution
		HideSolutionNode = FALSE
	EndGlobalSection
	GlobalSection(ExtensibilityGlobals) = postSolution
		SolutionGuid = {CC66C75E-E054-4796-AA35-F82062CAFBFE}
	EndGlobalSection
EndGlobal
